// !$*UTF8*$!
{
	archiveVersion = 1;
	classes = {
	};
	objectVersion = 50;
	objects = {

/* Begin PBXBuildFile section */
		401D3D0A22BA57B90007C56A /* AppDelegate.swift in Sources */ = {isa = PBXBuildFile; fileRef = 401D3D0922BA57B90007C56A /* AppDelegate.swift */; };
		401D3D0C22BA57B90007C56A /* ViewController.swift in Sources */ = {isa = PBXBuildFile; fileRef = 401D3D0B22BA57B90007C56A /* ViewController.swift */; };
		401D3D0F22BA57B90007C56A /* Main.storyboard in Resources */ = {isa = PBXBuildFile; fileRef = 401D3D0D22BA57B90007C56A /* Main.storyboard */; };
		401D3D1122BA57BA0007C56A /* Assets.xcassets in Resources */ = {isa = PBXBuildFile; fileRef = 401D3D1022BA57BA0007C56A /* Assets.xcassets */; };
		401D3D1422BA57BA0007C56A /* LaunchScreen.storyboard in Resources */ = {isa = PBXBuildFile; fileRef = 401D3D1222BA57BA0007C56A /* LaunchScreen.storyboard */; };
/* End PBXBuildFile section */

/* Begin PBXFileReference section */
		401D3D0622BA57B90007C56A /* Milkfresh.app */ = {isa = PBXFileReference; explicitFileType = wrapper.application; includeInIndex = 0; path = Milkfresh.app; sourceTree = BUILT_PRODUCTS_DIR; };
		401D3D0922BA57B90007C56A /* AppDelegate.swift */ = {isa = PBXFileReference; lastKnownFileType = sourcecode.swift; path = AppDelegate.swift; sourceTree = "<group>"; };
		401D3D0B22BA57B90007C56A /* ViewController.swift */ = {isa = PBXFileReference; lastKnownFileType = sourcecode.swift; path = ViewController.swift; sourceTree = "<group>"; };
		401D3D0E22BA57B90007C56A /* Base */ = {isa = PBXFileReference; lastKnownFileType = file.storyboard; name = Base; path = Base.lproj/Main.storyboard; sourceTree = "<group>"; };
		401D3D1022BA57BA0007C56A /* Assets.xcassets */ = {isa = PBXFileReference; lastKnownFileType = folder.assetcatalog; path = Assets.xcassets; sourceTree = "<group>"; };
		401D3D1322BA57BA0007C56A /* Base */ = {isa = PBXFileReference; lastKnownFileType = file.storyboard; name = Base; path = Base.lproj/LaunchScreen.storyboard; sourceTree = "<group>"; };
		401D3D1522BA57BA0007C56A /* Info.plist */ = {isa = PBXFileReference; lastKnownFileType = text.plist.xml; path = Info.plist; sourceTree = "<group>"; };
/* End PBXFileReference section */

/* Begin PBXFrameworksBuildPhase section */
		401D3D0322BA57B90007C56A /* Frameworks */ = {
			isa = PBXFrameworksBuildPhase;
			buildActionMask = 2147483647;
			files = (
			);
			runOnlyForDeploymentPostprocessing = 0;
		};
/* End PBXFrameworksBuildPhase section */

/* Begin PBXGroup section */
		401D3CFD22BA57B90007C56A = {
			isa = PBXGroup;
			children = (
				401D3D0822BA57B90007C56A /* Milkfresh */,
				401D3D0722BA57B90007C56A /* Products */,
			);
			sourceTree = "<group>";
		};
		401D3D0722BA57B90007C56A /* Products */ = {
			isa = PBXGroup;
			children = (
				401D3D0622BA57B90007C56A /* Milkfresh.app */,
			);
			name = Products;
			sourceTree = "<group>";
		};
		401D3D0822BA57B90007C56A /* Milkfresh */ = {
			isa = PBXGroup;
			children = (
				401D3D0922BA57B90007C56A /* AppDelegate.swift */,
				401D3D0B22BA57B90007C56A /* ViewController.swift */,
				401D3D0D22BA57B90007C56A /* Main.storyboard */,
				401D3D1022BA57BA0007C56A /* Assets.xcassets */,
				401D3D1222BA57BA0007C56A /* LaunchScreen.storyboard */,
				401D3D1522BA57BA0007C56A /* Info.plist */,
			);
			path = Milkfresh;
			sourceTree = "<group>";
		};
/* End PBXGroup section */

/* Begin PBXNativeTarget section */
		401D3D0522BA57B90007C56A /* Milkfresh */ = {
			isa = PBXNativeTarget;
			buildConfigurationList = 401D3D1822BA57BA0007C56A /* Build configuration list for PBXNativeTarget "Milkfresh" */;
			buildPhases = (
				401D3D0222BA57B90007C56A /* Sources */,
				401D3D0322BA57B90007C56A /* Frameworks */,
				401D3D0422BA57B90007C56A /* Resources */,
			);
			buildRules = (
			);
			dependencies = (
			);
			name = Milkfresh;
			productName = Milkfresh;
			productReference = 401D3D0622BA57B90007C56A /* Milkfresh.app */;
			productType = "com.apple.product-type.application";
		};
/* End PBXNativeTarget section */

/* Begin PBXProject section */
		401D3CFE22BA57B90007C56A /* Project object */ = {
			isa = PBXProject;
			attributes = {
				LastSwiftUpdateCheck = 1020;
				LastUpgradeCheck = 1020;
				ORGANIZATIONNAME = "Christian Sailer";
				TargetAttributes = {
					401D3D0522BA57B90007C56A = {
						CreatedOnToolsVersion = 10.2.1;
					};
				};
			};
			buildConfigurationList = 401D3D0122BA57B90007C56A /* Build configuration list for PBXProject "Milkfresh" */;
			compatibilityVersion = "Xcode 9.3";
			developmentRegion = en;
			hasScannedForEncodings = 0;
			knownRegions = (
				en,
				Base,
			);
			mainGroup = 401D3CFD22BA57B90007C56A;
			productRefGroup = 401D3D0722BA57B90007C56A /* Products */;
			projectDirPath = "";
			projectRoot = "";
			targets = (
				401D3D0522BA57B90007C56A /* Milkfresh */,
			);
		};
/* End PBXProject section */

/* Begin PBXResourcesBuildPhase section */
		401D3D0422BA57B90007C56A /* Resources */ = {
			isa = PBXResourcesBuildPhase;
			buildActionMask = 2147483647;
			files = (
				401D3D1422BA57BA0007C56A /* LaunchScreen.storyboard in Resources */,
				401D3D1122BA57BA0007C56A /* Assets.xcassets in Resources */,
				401D3D0F22BA57B90007C56A /* Main.storyboard in Resources */,
			);
			runOnlyForDeploymentPostprocessing = 0;
		};
/* End PBXResourcesBuildPhase section */

/* Begin PBXSourcesBuildPhase section */
		401D3D0222BA57B90007C56A /* Sources */ = {
			isa = PBXSourcesBuildPhase;
			buildActionMask = 2147483647;
			files = (
				401D3D0C22BA57B90007C56A /* ViewController.swift in Sources */,
				401D3D0A22BA57B90007C56A /* AppDelegate.swift in Sources */,
			);
			runOnlyForDeploymentPostprocessing = 0;
		};
/* End PBXSourcesBuildPhase section */

/* Begin PBXVariantGroup section */
		401D3D0D22BA57B90007C56A /* Main.storyboard */ = {
			isa = PBXVariantGroup;
			children = (
				401D3D0E22BA57B90007C56A /* Base */,
			);
			name = Main.storyboard;
			sourceTree = "<group>";
		};
		401D3D1222BA57BA0007C56A /* LaunchScreen.storyboard */ = {
			isa = PBXVariantGroup;
			children = (
				401D3D1322BA57BA0007C56A /* Base */,
			);
			name = LaunchScreen.storyboard;
			sourceTree = "<group>";
		};
/* End PBXVariantGroup section */

/* Begin XCBuildConfiguration section */
		401D3D1622BA57BA0007C56A /* Debug */ = {
			isa = XCBuildConfiguration;
			buildSettings = {
				ALWAYS_SEARCH_USER_PATHS = NO;
				CLANG_ANALYZER_NONNULL = YES;
				CLANG_ANALYZER_NUMBER_OBJECT_CONVERSION = YES_AGGRESSIVE;
				CLANG_CXX_LANGUAGE_STANDARD = "gnu++14";
				CLANG_CXX_LIBRARY = "libc++";
				CLANG_ENABLE_MODULES = YES;
				CLANG_ENABLE_OBJC_ARC = YES;
				CLANG_ENABLE_OBJC_WEAK = YES;
				CLANG_WARN_BLOCK_CAPTURE_AUTORELEASING = YES;
				CLANG_WARN_BOOL_CONVERSION = YES;
				CLANG_WARN_COMMA = YES;
				CLANG_WARN_CONSTANT_CONVERSION = YES;
				CLANG_WARN_DEPRECATED_OBJC_IMPLEMENTATIONS = YES;
				CLANG_WARN_DIRECT_OBJC_ISA_USAGE = YES_ERROR;
				CLANG_WARN_DOCUMENTATION_COMMENTS = YES;
				CLANG_WARN_EMPTY_BODY = YES;
				CLANG_WARN_ENUM_CONVERSION = YES;
				CLANG_WARN_INFINITE_RECURSION = YES;
				CLANG_WARN_INT_CONVERSION = YES;
				CLANG_WARN_NON_LITERAL_NULL_CONVERSION = YES;
				CLANG_WARN_OBJC_IMPLICIT_RETAIN_SELF = YES;
				CLANG_WARN_OBJC_LITERAL_CONVERSION = YES;
				CLANG_WARN_OBJC_ROOT_CLASS = YES_ERROR;
				CLANG_WARN_RANGE_LOOP_ANALYSIS = YES;
				CLANG_WARN_STRICT_PROTOTYPES = YES;
				CLANG_WARN_SUSPICIOUS_MOVE = YES;
				CLANG_WARN_UNGUARDED_AVAILABILITY = YES_AGGRESSIVE;
				CLANG_WARN_UNREACHABLE_CODE = YES;
				CLANG_WARN__DUPLICATE_METHOD_MATCH = YES;
				CODE_SIGN_IDENTITY = "iPhone Developer";
				COPY_PHASE_STRIP = NO;
				DEBUG_INFORMATION_FORMAT = dwarf;
				ENABLE_STRICT_OBJC_MSGSEND = YES;
				ENABLE_TESTABILITY = YES;
				GCC_C_LANGUAGE_STANDARD = gnu11;
				GCC_DYNAMIC_NO_PIC = NO;
				GCC_NO_COMMON_BLOCKS = YES;
				GCC_OPTIMIZATION_LEVEL = 0;
				GCC_PREPROCESSOR_DEFINITIONS = (
					"DEBUG=1",
					"$(inherited)",
				);
				GCC_WARN_64_TO_32_BIT_CONVERSION = YES;
				GCC_WARN_ABOUT_RETURN_TYPE = YES_ERROR;
				GCC_WARN_UNDECLARED_SELECTOR = YES;
				GCC_WARN_UNINITIALIZED_AUTOS = YES_AGGRESSIVE;
				GCC_WARN_UNUSED_FUNCTION = YES;
				GCC_WARN_UNUSED_VARIABLE = YES;
				IPHONEOS_DEPLOYMENT_TARGET = 12.2;
				MTL_ENABLE_DEBUG_INFO = INCLUDE_SOURCE;
				MTL_FAST_MATH = YES;
				ONLY_ACTIVE_ARCH = YES;
				SDKROOT = iphoneos;
				SWIFT_ACTIVE_COMPILATION_CONDITIONS = DEBUG;
				SWIFT_OPTIMIZATION_LEVEL = "-Onone";
			};
			name = Debug;
		};
		401D3D1722BA57BA0007C56A /* Release */ = {
			isa = XCBuildConfiguration;
			buildSettings = {
				ALWAYS_SEARCH_USER_PATHS = NO;
				CLANG_ANALYZER_NONNULL = YES;
				CLANG_ANALYZER_NUMBER_OBJECT_CONVERSION = YES_AGGRESSIVE;
				CLANG_CXX_LANGUAGE_STANDARD = "gnu++14";
				CLANG_CXX_LIBRARY = "libc++";
				CLANG_ENABLE_MODULES = YES;
				CLANG_ENABLE_OBJC_ARC = YES;
				CLANG_ENABLE_OBJC_WEAK = YES;
				CLANG_WARN_BLOCK_CAPTURE_AUTORELEASING = YES;
				CLANG_WARN_BOOL_CONVERSION = YES;
				CLANG_WARN_COMMA = YES;
				CLANG_WARN_CONSTANT_CONVERSION = YES;
				CLANG_WARN_DEPRECATED_OBJC_IMPLEMENTATIONS = YES;
				CLANG_WARN_DIRECT_OBJC_ISA_USAGE = YES_ERROR;
				CLANG_WARN_DOCUMENTATION_COMMENTS = YES;
				CLANG_WARN_EMPTY_BODY = YES;
				CLANG_WARN_ENUM_CONVERSION = YES;
				CLANG_WARN_INFINITE_RECURSION = YES;
				CLANG_WARN_INT_CONVERSION = YES;
				CLANG_WARN_NON_LITERAL_NULL_CONVERSION = YES;
				CLANG_WARN_OBJC_IMPLICIT_RETAIN_SELF = YES;
				CLANG_WARN_OBJC_LITERAL_CONVERSION = YES;
				CLANG_WARN_OBJC_ROOT_CLASS = YES_ERROR;
				CLANG_WARN_RANGE_LOOP_ANALYSIS = YES;
				CLANG_WARN_STRICT_PROTOTYPES = YES;
				CLANG_WARN_SUSPICIOUS_MOVE = YES;
				CLANG_WARN_UNGUARDED_AVAILABILITY = YES_AGGRESSIVE;
				CLANG_WARN_UNREACHABLE_CODE = YES;
				CLANG_WARN__DUPLICATE_METHOD_MATCH = YES;
				CODE_SIGN_IDENTITY = "iPhone Developer";
				COPY_PHASE_STRIP = NO;
				DEBUG_INFORMATION_FORMAT = "dwarf-with-dsym";
				ENABLE_NS_ASSERTIONS = NO;
				ENABLE_STRICT_OBJC_MSGSEND = YES;
				GCC_C_LANGUAGE_STANDARD = gnu11;
				GCC_NO_COMMON_BLOCKS = YES;
				GCC_WARN_64_TO_32_BIT_CONVERSION = YES;
				GCC_WARN_ABOUT_RETURN_TYPE = YES_ERROR;
				GCC_WARN_UNDECLARED_SELECTOR = YES;
				GCC_WARN_UNINITIALIZED_AUTOS = YES_AGGRESSIVE;
				GCC_WARN_UNUSED_FUNCTION = YES;
				GCC_WARN_UNUSED_VARIABLE = YES;
				IPHONEOS_DEPLOYMENT_TARGET = 12.2;
				MTL_ENABLE_DEBUG_INFO = NO;
				MTL_FAST_MATH = YES;
				SDKROOT = iphoneos;
				SWIFT_COMPILATION_MODE = wholemodule;
				SWIFT_OPTIMIZATION_LEVEL = "-O";
				VALIDATE_PRODUCT = YES;
			};
			name = Release;
		};
		401D3D1922BA57BA0007C56A /* Debug */ = {
			isa = XCBuildConfiguration;
			buildSettings = {
				ASSETCATALOG_COMPILER_APPICON_NAME = AppIcon;
				CODE_SIGN_STYLE = Automatic;
				DEVELOPMENT_TEAM = C74DWC9UH6;
				INFOPLIST_FILE = Milkfresh/Info.plist;
				LD_RUNPATH_SEARCH_PATHS = (
					"$(inherited)",
					"@executable_path/Frameworks",
				);
				PRODUCT_BUNDLE_IDENTIFIER = com.christiansailer.Milkfresh;
				PRODUCT_NAME = "$(TARGET_NAME)";
				SWIFT_VERSION = 5.0;
				TARGETED_DEVICE_FAMILY = "1,2";
			};
			name = Debug;
		};
		401D3D1A22BA57BA0007C56A /* Release */ = {
			isa = XCBuildConfiguration;
			buildSettings = {
				ASSETCATALOG_COMPILER_APPICON_NAME = AppIcon;
				CODE_SIGN_STYLE = Automatic;
				DEVELOPMENT_TEAM = C74DWC9UH6;
				INFOPLIST_FILE = Milkfresh/Info.plist;
				LD_RUNPATH_SEARCH_PATHS = (
					"$(inherited)",
					"@executable_path/Frameworks",
				);
				PRODUCT_BUNDLE_IDENTIFIER = com.christiansailer.Milkfresh;
				PRODUCT_NAME = "$(TARGET_NAME)";
				SWIFT_VERSION = 5.0;
				TARGETED_DEVICE_FAMILY = "1,2";
			};
			name = Release;
		};
/* End XCBuildConfiguration section */

/* Begin XCConfigurationList section */
		401D3D0122BA57B90007C56A /* Build configuration list for PBXProject "Milkfresh" */ = {
			isa = XCConfigurationList;
			buildConfigurations = (
				401D3D1622BA57BA0007C56A /* Debug */,
				401D3D1722BA57BA0007C56A /* Release */,
			);
			defaultConfigurationIsVisible = 0;
			defaultConfigurationName = Release;
		};
		401D3D1822BA57BA0007C56A /* Build configuration list for PBXNativeTarget "Milkfresh" */ = {
			isa = XCConfigurationList;
			buildConfigurations = (
				401D3D1922BA57BA0007C56A /* Debug */,
				401D3D1A22BA57BA0007C56A /* Release */,
			);
			defaultConfigurationIsVisible = 0;
			defaultConfigurationName = Release;
		};
/* End XCConfigurationList section */
	};
	rootObject = 401D3CFE22BA57B90007C56A /* Project object */;
}
